<?xml version="1.0" encoding="utf-8"?>
<Project ToolsVersion="4.0" xmlns="http://schemas.microsoft.com/developer/msbuild/2003">
  <ItemGroup>
    <ClCompile Include="..\..\src\genericbsa.cpp">
      <Filter>source</Filter>
    </ClCompile>
    <ClCompile Include="..\..\src\helpers.cpp">
      <Filter>source</Filter>
    </ClCompile>
    <ClCompile Include="..\..\src\tes3bsa.cpp">
      <Filter>source</Filter>
    </ClCompile>
    <ClCompile Include="..\..\src\tes4bsa.cpp">
      <Filter>source</Filter>
    </ClCompile>
    <ClCompile Include="libwrapper.cpp">
      <Filter>source</Filter>
    </ClCompile>
    <ClCompile Include="..\..\src\libbsa.cpp">
      <Filter>source</Filter>
    </ClCompile>
  </ItemGroup>
  <ItemGroup>
    <ClInclude Include="..\..\src\error.h">
      <Filter>headers</Filter>
    </ClInclude>
    <ClInclude Include="..\..\src\genericbsa.h">
      <Filter>headers</Filter>
    </ClInclude>
    <ClInclude Include="..\..\src\helpers.h">
      <Filter>headers</Filter>
    </ClInclude>
    <ClInclude Include="..\..\src\streams.h">
      <Filter>headers</Filter>
    </ClInclude>
    <ClInclude Include="..\..\src\tes3bsa.h">
      <Filter>headers</Filter>
    </ClInclude>
    <ClInclude Include="..\..\src\tes4bsa.h">
      <Filter>headers</Filter>
    </ClInclude>
    <ClInclude Include="libwrapper.h">
      <Filter>headers</Filter>
    </ClInclude>
    <ClInclude Include="..\..\src\libbsa.h">
      <Filter>headers</Filter>
    </ClInclude>
  </ItemGroup>
  <ItemGroup>
    <Filter Include="source">
      <UniqueIdentifier>{98f639bb-55fd-4d3b-8356-948537133a5c}</UniqueIdentifier>
    </Filter>
    <Filter Include="headers">
      <UniqueIdentifier>{4d8278a5-b41e-4810-90a7-14a749d13a48}</UniqueIdentifier>
    </Filter>
  </ItemGroup>
</Project>